
Microsoft Visual Studio Solution File, Format Version 12.00
# Visual Studio 15
Project("{FAE04EC0-301F-11D3-BF4B-00C04F79EFBC}") = "EFCore.DataAccess", "DataAccess\EFCore.DataAccess\EFCore.DataAccess.csproj", "{99AC7C81-9070-45CE-A691-003C8EEDA84C}"
EndProject
Project("{2150E333-8FDC-42A3-9474-1A3956D46DE8}") = "DataAccess", "DataAccess", "{FFAB1BAF-E405-4B87-8257-C33F89D8C72D}"
EndProject
Project("{2150E333-8FDC-42A3-9474-1A3956D46DE8}") = "Utility", "Utility", "{7A0D2DAB-A3A3-4F67-A3F7-CBCD6A4A3EB9}"
EndProject
Project("{FAE04EC0-301F-11D3-BF4B-00C04F79EFBC}") = "Commmon.Utility", "Utility\Commmon.Utility\Commmon.Utility.csproj", "{5BA03251-3512-4178-8AA1-219FEDD53820}"
EndProject
Project("{2150E333-8FDC-42A3-9474-1A3956D46DE8}") = "Entities", "Entities", "{8B33D456-CA37-48A2-A1A8-FF04193561F7}"
EndProject
Project("{FAE04EC0-301F-11D3-BF4B-00C04F79EFBC}") = "EFCore.Entities", "Entities\EFCore.Entities\EFCore.Entities.csproj", "{2EB795AC-2503-4A6A-8708-E9B62A12895C}"
EndProject
Project("{2150E333-8FDC-42A3-9474-1A3956D46DE8}") = "UnitTests", "UnitTests", "{B06C01DB-15B6-408E-9E60-3DAC99712F4D}"
EndProject
Project("{FAE04EC0-301F-11D3-BF4B-00C04F79EFBC}") = "EFCoreTests", "UnitTests\EFCoreTests\EFCoreTests.csproj", "{F0EFD0DB-D1D4-4223-A4AE-2B5075A280F8}"
EndProject
Global
	GlobalSection(SolutionConfigurationPlatforms) = preSolution
		Debug|Any CPU = Debug|Any CPU
		Release|Any CPU = Release|Any CPU
	EndGlobalSection
	GlobalSection(ProjectConfigurationPlatforms) = postSolution
		{99AC7C81-9070-45CE-A691-003C8EEDA84C}.Debug|Any CPU.ActiveCfg = Debug|Any CPU
		{99AC7C81-9070-45CE-A691-003C8EEDA84C}.Debug|Any CPU.Build.0 = Debug|Any CPU
		{99AC7C81-9070-45CE-A691-003C8EEDA84C}.Release|Any CPU.ActiveCfg = Release|Any CPU
		{99AC7C81-9070-45CE-A691-003C8EEDA84C}.Release|Any CPU.Build.0 = Release|Any CPU
		{5BA03251-3512-4178-8AA1-219FEDD53820}.Debug|Any CPU.ActiveCfg = Debug|Any CPU
		{5BA03251-3512-4178-8AA1-219FEDD53820}.Debug|Any CPU.Build.0 = Debug|Any CPU
		{5BA03251-3512-4178-8AA1-219FEDD53820}.Release|Any CPU.ActiveCfg = Release|Any CPU
		{5BA03251-3512-4178-8AA1-219FEDD53820}.Release|Any CPU.Build.0 = Release|Any CPU
		{2EB795AC-2503-4A6A-8708-E9B62A12895C}.Debug|Any CPU.ActiveCfg = Debug|Any CPU
		{2EB795AC-2503-4A6A-8708-E9B62A12895C}.Debug|Any CPU.Build.0 = Debug|Any CPU
		{2EB795AC-2503-4A6A-8708-E9B62A12895C}.Release|Any CPU.ActiveCfg = Release|Any CPU
		{2EB795AC-2503-4A6A-8708-E9B62A12895C}.Release|Any CPU.Build.0 = Release|Any CPU
		{F0EFD0DB-D1D4-4223-A4AE-2B5075A280F8}.Debug|Any CPU.ActiveCfg = Debug|Any CPU
		{F0EFD0DB-D1D4-4223-A4AE-2B5075A280F8}.Debug|Any CPU.Build.0 = Debug|Any CPU
		{F0EFD0DB-D1D4-4223-A4AE-2B5075A280F8}.Release|Any CPU.ActiveCfg = Release|Any CPU
		{F0EFD0DB-D1D4-4223-A4AE-2B5075A280F8}.Release|Any CPU.Build.0 = Release|Any CPU
	EndGlobalSection
	GlobalSection(NestedProjects) = preSolution
		{99AC7C81-9070-45CE-A691-003C8EEDA84C} = {FFAB1BAF-E405-4B87-8257-C33F89D8C72D}
		{5BA03251-3512-4178-8AA1-219FEDD53820} = {7A0D2DAB-A3A3-4F67-A3F7-CBCD6A4A3EB9}
		{2EB795AC-2503-4A6A-8708-E9B62A12895C} = {8B33D456-CA37-48A2-A1A8-FF04193561F7}
		{F0EFD0DB-D1D4-4223-A4AE-2B5075A280F8} = {B06C01DB-15B6-408E-9E60-3DAC99712F4D}
	EndGlobalSection
EndGlobal
